
Microsoft Visual Studio Solution File, Format Version 12.00
# Visual Studio 15
VisualStudioVersion = 15.0.28010.2046
MinimumVisualStudioVersion = 10.0.40219.1
Project("{FAE04EC0-301F-11D3-BF4B-00C04F79EFBC}") = "BNETest", "BNETest\BNETest.csproj", "{97764074-C49E-48C7-B3CB-4E3E0B88F8A2}"
EndProject
Project("{FAE04EC0-301F-11D3-BF4B-00C04F79EFBC}") = "BNETestLibrary", "BNETestLibrary\BNETestLibrary.csproj", "{184D2BA2-F2D6-4C95-AFD8-D7147E377998}"
EndProject
Global
	GlobalSection(SolutionConfigurationPlatforms) = preSolution
		Debug|Any CPU = Debug|Any CPU
		Release|Any CPU = Release|Any CPU
	EndGlobalSection
	GlobalSection(ProjectConfigurationPlatforms) = postSolution
		{97764074-C49E-48C7-B3CB-4E3E0B88F8A2}.Debug|Any CPU.ActiveCfg = Debug|Any CPU
		{97764074-C49E-48C7-B3CB-4E3E0B88F8A2}.Debug|Any CPU.Build.0 = Debug|Any CPU
		{97764074-C49E-48C7-B3CB-4E3E0B88F8A2}.Release|Any CPU.ActiveCfg = Release|Any CPU
		{97764074-C49E-48C7-B3CB-4E3E0B88F8A2}.Release|Any CPU.Build.0 = Release|Any CPU
		{184D2BA2-F2D6-4C95-AFD8-D7147E377998}.Debug|Any CPU.ActiveCfg = Debug|Any CPU
		{184D2BA2-F2D6-4C95-AFD8-D7147E377998}.Debug|Any CPU.Build.0 = Debug|Any CPU
		{184D2BA2-F2D6-4C95-AFD8-D7147E377998}.Release|Any CPU.ActiveCfg = Release|Any CPU
		{184D2BA2-F2D6-4C95-AFD8-D7147E377998}.Release|Any CPU.Build.0 = Release|Any CPU
	EndGlobalSection
	GlobalSection(SolutionProperties) = preSolution
		HideSolutionNode = FALSE
	EndGlobalSection
	GlobalSection(ExtensibilityGlobals) = postSolution
		SolutionGuid = {092D287D-9558-44B0-898F-8045F3B16BF6}
	EndGlobalSection
EndGlobal
